// !$*UTF8*$!
{
	archiveVersion = 1;
	classes = {
	};
	objectVersion = 46;
	objects = {

/* Begin PBXBuildFile section */
		1065597149E2A34FB451E7AF /* Pods_Rest.framework in Frameworks */ = {isa = PBXBuildFile; fileRef = 95329037E12890D04B93E651 /* Pods_Rest.framework */; };
		7096CE80F95739CFB7D9BAF0 /* Pods_Rest_WatchKit_App.framework in Frameworks */ = {isa = PBXBuildFile; fileRef = 5E1F6BC37377C93C21E2BC3B /* Pods_Rest_WatchKit_App.framework */; };
		75A2B9AC211456171A26441D /* Pods_RestUITests.framework in Frameworks */ = {isa = PBXBuildFile; fileRef = 746C46EE1F4514348E2162D1 /* Pods_RestUITests.framework */; };
		92428AD31EBE29BF00250436 /* HeartRateInterfaceController.swift in Sources */ = {isa = PBXBuildFile; fileRef = 92428AD21EBE29BF00250436 /* HeartRateInterfaceController.swift */; };
		9253D6911EBE037A002B4AF6 /* HeartRateManager.swift in Sources */ = {isa = PBXBuildFile; fileRef = 9253D6901EBE037A002B4AF6 /* HeartRateManager.swift */; };
		9253D6931EBE0394002B4AF6 /* HeartRate.swift in Sources */ = {isa = PBXBuildFile; fileRef = 9253D6921EBE0394002B4AF6 /* HeartRate.swift */; };
		9253D6951EBE03B3002B4AF6 /* AuthorizationManger.swift in Sources */ = {isa = PBXBuildFile; fileRef = 9253D6941EBE03B3002B4AF6 /* AuthorizationManger.swift */; };
		9253D6971EBE0423002B4AF6 /* HKUnit+BeatsPerMinute.swift in Sources */ = {isa = PBXBuildFile; fileRef = 9253D6961EBE0423002B4AF6 /* HKUnit+BeatsPerMinute.swift */; };
		9253D69A1EBE050C002B4AF6 /* HealthKit.framework in Frameworks */ = {isa = PBXBuildFile; fileRef = 9253D6991EBE050C002B4AF6 /* HealthKit.framework */; };
		9253D69D1EBE0559002B4AF6 /* HealthKit.framework in Frameworks */ = {isa = PBXBuildFile; fileRef = 9253D69C1EBE0559002B4AF6 /* HealthKit.framework */; };
		9253D69F1EBE06D5002B4AF6 /* RestSessionManager.swift in Sources */ = {isa = PBXBuildFile; fileRef = 9253D69E1EBE06D5002B4AF6 /* RestSessionManager.swift */; };
		929E7DDD1EBDF9380040B0E8 /* AppDelegate.swift in Sources */ = {isa = PBXBuildFile; fileRef = 929E7DDC1EBDF9380040B0E8 /* AppDelegate.swift */; };
		929E7DDF1EBDF9380040B0E8 /* ViewController.swift in Sources */ = {isa = PBXBuildFile; fileRef = 929E7DDE1EBDF9380040B0E8 /* ViewController.swift */; };
		929E7DE21EBDF9380040B0E8 /* Main.storyboard in Resources */ = {isa = PBXBuildFile; fileRef = 929E7DE01EBDF9380040B0E8 /* Main.storyboard */; };
		929E7DE41EBDF9380040B0E8 /* Assets.xcassets in Resources */ = {isa = PBXBuildFile; fileRef = 929E7DE31EBDF9380040B0E8 /* Assets.xcassets */; };
		929E7DE71EBDF9380040B0E8 /* LaunchScreen.storyboard in Resources */ = {isa = PBXBuildFile; fileRef = 929E7DE51EBDF9380040B0E8 /* LaunchScreen.storyboard */; };
		929E7DF21EBDF9380040B0E8 /* RestTests.swift in Sources */ = {isa = PBXBuildFile; fileRef = 929E7DF11EBDF9380040B0E8 /* RestTests.swift */; };
		929E7DFD1EBDF9380040B0E8 /* RestUITests.swift in Sources */ = {isa = PBXBuildFile; fileRef = 929E7DFC1EBDF9380040B0E8 /* RestUITests.swift */; };
		929E7E021EBDF9380040B0E8 /* Rest WatchKit App.app in Embed Watch Content */ = {isa = PBXBuildFile; fileRef = 929E7E011EBDF9380040B0E8 /* Rest WatchKit App.app */; };
		929E7E081EBDF9380040B0E8 /* Interface.storyboard in Resources */ = {isa = PBXBuildFile; fileRef = 929E7E061EBDF9380040B0E8 /* Interface.storyboard */; };
		929E7E0A1EBDF9380040B0E8 /* Assets.xcassets in Resources */ = {isa = PBXBuildFile; fileRef = 929E7E091EBDF9380040B0E8 /* Assets.xcassets */; };
		929E7E111EBDF9380040B0E8 /* Rest WatchKit Extension.appex in Embed App Extensions */ = {isa = PBXBuildFile; fileRef = 929E7E101EBDF9380040B0E8 /* Rest WatchKit Extension.appex */; settings = {ATTRIBUTES = (RemoveHeadersOnCopy, ); }; };
		929E7E181EBDF9380040B0E8 /* InterfaceController.swift in Sources */ = {isa = PBXBuildFile; fileRef = 929E7E171EBDF9380040B0E8 /* InterfaceController.swift */; };
		929E7E1A1EBDF9380040B0E8 /* ExtensionDelegate.swift in Sources */ = {isa = PBXBuildFile; fileRef = 929E7E191EBDF9380040B0E8 /* ExtensionDelegate.swift */; };
		929E7E1C1EBDF9380040B0E8 /* NotificationController.swift in Sources */ = {isa = PBXBuildFile; fileRef = 929E7E1B1EBDF9380040B0E8 /* NotificationController.swift */; };
		929E7E1E1EBDF9380040B0E8 /* ComplicationController.swift in Sources */ = {isa = PBXBuildFile; fileRef = 929E7E1D1EBDF9380040B0E8 /* ComplicationController.swift */; };
		929E7E201EBDF9380040B0E8 /* Assets.xcassets in Resources */ = {isa = PBXBuildFile; fileRef = 929E7E1F1EBDF9380040B0E8 /* Assets.xcassets */; };
		A0AE868A39FC2FBBADC8269E /* Pods_Rest_WatchKit_Extension.framework in Frameworks */ = {isa = PBXBuildFile; fileRef = 5335ADE105E26AC9FCDE2DF2 /* Pods_Rest_WatchKit_Extension.framework */; };
		F74EFE459D2ECC45D1EA26C9 /* Pods_RestTests.framework in Frameworks */ = {isa = PBXBuildFile; fileRef = 222DF3F82535B676F9AE30C6 /* Pods_RestTests.framework */; };
/* End PBXBuildFile section */

/* Begin PBXContainerItemProxy section */
		929E7DEE1EBDF9380040B0E8 /* PBXContainerItemProxy */ = {
			isa = PBXContainerItemProxy;
			containerPortal = 929E7DD11EBDF9380040B0E8 /* Project object */;
			proxyType = 1;
			remoteGlobalIDString = 929E7DD81EBDF9380040B0E8;
			remoteInfo = Rest;
		};
		929E7DF91EBDF9380040B0E8 /* PBXContainerItemProxy */ = {
			isa = PBXContainerItemProxy;
			containerPortal = 929E7DD11EBDF9380040B0E8 /* Project object */;
			proxyType = 1;
			remoteGlobalIDString = 929E7DD81EBDF9380040B0E8;
			remoteInfo = Rest;
		};
		929E7E031EBDF9380040B0E8 /* PBXContainerItemProxy */ = {
			isa = PBXContainerItemProxy;
			containerPortal = 929E7DD11EBDF9380040B0E8 /* Project object */;
			proxyType = 1;
			remoteGlobalIDString = 929E7E001EBDF9380040B0E8;
			remoteInfo = "Rest WatchKit App";
		};
		929E7E121EBDF9380040B0E8 /* PBXContainerItemProxy */ = {
			isa = PBXContainerItemProxy;
			containerPortal = 929E7DD11EBDF9380040B0E8 /* Project object */;
			proxyType = 1;
			remoteGlobalIDString = 929E7E0F1EBDF9380040B0E8;
			remoteInfo = "Rest WatchKit Extension";
		};
/* End PBXContainerItemProxy section */

/* Begin PBXCopyFilesBuildPhase section */
		929E7E271EBDF9380040B0E8 /* Embed App Extensions */ = {
			isa = PBXCopyFilesBuildPhase;
			buildActionMask = 2147483647;
			dstPath = "";
			dstSubfolderSpec = 13;
			files = (
				929E7E111EBDF9380040B0E8 /* Rest WatchKit Extension.appex in Embed App Extensions */,
			);
			name = "Embed App Extensions";
			runOnlyForDeploymentPostprocessing = 0;
		};
		929E7E2B1EBDF9380040B0E8 /* Embed Watch Content */ = {
			isa = PBXCopyFilesBuildPhase;
			buildActionMask = 2147483647;
			dstPath = "$(CONTENTS_FOLDER_PATH)/Watch";
			dstSubfolderSpec = 16;
			files = (
				929E7E021EBDF9380040B0E8 /* Rest WatchKit App.app in Embed Watch Content */,
			);
			name = "Embed Watch Content";
			runOnlyForDeploymentPostprocessing = 0;
		};
/* End PBXCopyFilesBuildPhase section */

/* Begin PBXFileReference section */
		0C500CBBFB35BDC1760168E3 /* Pods-Rest WatchKit App.debug.xcconfig */ = {isa = PBXFileReference; includeInIndex = 1; lastKnownFileType = text.xcconfig; name = "Pods-Rest WatchKit App.debug.xcconfig"; path = "Pods/Target Support Files/Pods-Rest WatchKit App/Pods-Rest WatchKit App.debug.xcconfig"; sourceTree = "<group>"; };
		0FC182DEF8828F4DF45C7E9F /* Pods-Rest.release.xcconfig */ = {isa = PBXFileReference; includeInIndex = 1; lastKnownFileType = text.xcconfig; name = "Pods-Rest.release.xcconfig"; path = "Pods/Target Support Files/Pods-Rest/Pods-Rest.release.xcconfig"; sourceTree = "<group>"; };
		222DF3F82535B676F9AE30C6 /* Pods_RestTests.framework */ = {isa = PBXFileReference; explicitFileType = wrapper.framework; includeInIndex = 0; path = Pods_RestTests.framework; sourceTree = BUILT_PRODUCTS_DIR; };
		24CD24746F2B734A812A0096 /* Pods-Rest.debug.xcconfig */ = {isa = PBXFileReference; includeInIndex = 1; lastKnownFileType = text.xcconfig; name = "Pods-Rest.debug.xcconfig"; path = "Pods/Target Support Files/Pods-Rest/Pods-Rest.debug.xcconfig"; sourceTree = "<group>"; };
		2CDF913B2C1C1814E13053F6 /* Pods-Rest WatchKit Extension.debug.xcconfig */ = {isa = PBXFileReference; includeInIndex = 1; lastKnownFileType = text.xcconfig; name = "Pods-Rest WatchKit Extension.debug.xcconfig"; path = "Pods/Target Support Files/Pods-Rest WatchKit Extension/Pods-Rest WatchKit Extension.debug.xcconfig"; sourceTree = "<group>"; };
		50815E6C6CCEE021EBD8F85D /* Pods-Rest WatchKit App.release.xcconfig */ = {isa = PBXFileReference; includeInIndex = 1; lastKnownFileType = text.xcconfig; name = "Pods-Rest WatchKit App.release.xcconfig"; path = "Pods/Target Support Files/Pods-Rest WatchKit App/Pods-Rest WatchKit App.release.xcconfig"; sourceTree = "<group>"; };
		5335ADE105E26AC9FCDE2DF2 /* Pods_Rest_WatchKit_Extension.framework */ = {isa = PBXFileReference; explicitFileType = wrapper.framework; includeInIndex = 0; path = Pods_Rest_WatchKit_Extension.framework; sourceTree = BUILT_PRODUCTS_DIR; };
		5A2FE107605A21EF19D7B151 /* Pods-RestTests.release.xcconfig */ = {isa = PBXFileReference; includeInIndex = 1; lastKnownFileType = text.xcconfig; name = "Pods-RestTests.release.xcconfig"; path = "Pods/Target Support Files/Pods-RestTests/Pods-RestTests.release.xcconfig"; sourceTree = "<group>"; };
		5E1F6BC37377C93C21E2BC3B /* Pods_Rest_WatchKit_App.framework */ = {isa = PBXFileReference; explicitFileType = wrapper.framework; includeInIndex = 0; path = Pods_Rest_WatchKit_App.framework; sourceTree = BUILT_PRODUCTS_DIR; };
		6C4B23E4D3DBFC3F6BFEB455 /* Pods-Rest WatchKit Extension.release.xcconfig */ = {isa = PBXFileReference; includeInIndex = 1; lastKnownFileType = text.xcconfig; name = "Pods-Rest WatchKit Extension.release.xcconfig"; path = "Pods/Target Support Files/Pods-Rest WatchKit Extension/Pods-Rest WatchKit Extension.release.xcconfig"; sourceTree = "<group>"; };
		6DB46E771336302492E8FF82 /* Pods-RestTests.debug.xcconfig */ = {isa = PBXFileReference; includeInIndex = 1; lastKnownFileType = text.xcconfig; name = "Pods-RestTests.debug.xcconfig"; path = "Pods/Target Support Files/Pods-RestTests/Pods-RestTests.debug.xcconfig"; sourceTree = "<group>"; };
		746C46EE1F4514348E2162D1 /* Pods_RestUITests.framework */ = {isa = PBXFileReference; explicitFileType = wrapper.framework; includeInIndex = 0; path = Pods_RestUITests.framework; sourceTree = BUILT_PRODUCTS_DIR; };
		92428AD21EBE29BF00250436 /* HeartRateInterfaceController.swift */ = {isa = PBXFileReference; fileEncoding = 4; lastKnownFileType = sourcecode.swift; path = HeartRateInterfaceController.swift; sourceTree = "<group>"; };
		9253D6901EBE037A002B4AF6 /* HeartRateManager.swift */ = {isa = PBXFileReference; fileEncoding = 4; lastKnownFileType = sourcecode.swift; path = HeartRateManager.swift; sourceTree = "<group>"; };
		9253D6921EBE0394002B4AF6 /* HeartRate.swift */ = {isa = PBXFileReference; fileEncoding = 4; lastKnownFileType = sourcecode.swift; path = HeartRate.swift; sourceTree = "<group>"; };
		9253D6941EBE03B3002B4AF6 /* AuthorizationManger.swift */ = {isa = PBXFileReference; fileEncoding = 4; lastKnownFileType = sourcecode.swift; path = AuthorizationManger.swift; sourceTree = "<group>"; };
		9253D6961EBE0423002B4AF6 /* HKUnit+BeatsPerMinute.swift */ = {isa = PBXFileReference; fileEncoding = 4; lastKnownFileType = sourcecode.swift; path = "HKUnit+BeatsPerMinute.swift"; sourceTree = "<group>"; };
		9253D6981EBE050C002B4AF6 /* Rest.entitlements */ = {isa = PBXFileReference; lastKnownFileType = text.plist.entitlements; path = Rest.entitlements; sourceTree = "<group>"; };
		9253D6991EBE050C002B4AF6 /* HealthKit.framework */ = {isa = PBXFileReference; lastKnownFileType = wrapper.framework; name = HealthKit.framework; path = System/Library/Frameworks/HealthKit.framework; sourceTree = SDKROOT; };
		9253D69B1EBE0559002B4AF6 /* Rest WatchKit Extension.entitlements */ = {isa = PBXFileReference; lastKnownFileType = text.plist.entitlements; path = "Rest WatchKit Extension.entitlements"; sourceTree = "<group>"; };
		9253D69C1EBE0559002B4AF6 /* HealthKit.framework */ = {isa = PBXFileReference; lastKnownFileType = wrapper.framework; name = HealthKit.framework; path = Platforms/WatchOS.platform/Developer/SDKs/WatchOS3.2.sdk/System/Library/Frameworks/HealthKit.framework; sourceTree = DEVELOPER_DIR; };
		9253D69E1EBE06D5002B4AF6 /* RestSessionManager.swift */ = {isa = PBXFileReference; fileEncoding = 4; lastKnownFileType = sourcecode.swift; path = RestSessionManager.swift; sourceTree = "<group>"; };
		929E7DD91EBDF9380040B0E8 /* Rest.app */ = {isa = PBXFileReference; explicitFileType = wrapper.application; includeInIndex = 0; path = Rest.app; sourceTree = BUILT_PRODUCTS_DIR; };
		929E7DDC1EBDF9380040B0E8 /* AppDelegate.swift */ = {isa = PBXFileReference; lastKnownFileType = sourcecode.swift; path = AppDelegate.swift; sourceTree = "<group>"; };
		929E7DDE1EBDF9380040B0E8 /* ViewController.swift */ = {isa = PBXFileReference; lastKnownFileType = sourcecode.swift; path = ViewController.swift; sourceTree = "<group>"; };
		929E7DE11EBDF9380040B0E8 /* Base */ = {isa = PBXFileReference; lastKnownFileType = file.storyboard; name = Base; path = Base.lproj/Main.storyboard; sourceTree = "<group>"; };
		929E7DE31EBDF9380040B0E8 /* Assets.xcassets */ = {isa = PBXFileReference; lastKnownFileType = folder.assetcatalog; path = Assets.xcassets; sourceTree = "<group>"; };
		929E7DE61EBDF9380040B0E8 /* Base */ = {isa = PBXFileReference; lastKnownFileType = file.storyboard; name = Base; path = Base.lproj/LaunchScreen.storyboard; sourceTree = "<group>"; };
		929E7DE81EBDF9380040B0E8 /* Info.plist */ = {isa = PBXFileReference; lastKnownFileType = text.plist.xml; path = Info.plist; sourceTree = "<group>"; };
		929E7DED1EBDF9380040B0E8 /* RestTests.xctest */ = {isa = PBXFileReference; explicitFileType = wrapper.cfbundle; includeInIndex = 0; path = RestTests.xctest; sourceTree = BUILT_PRODUCTS_DIR; };
		929E7DF11EBDF9380040B0E8 /* RestTests.swift */ = {isa = PBXFileReference; lastKnownFileType = sourcecode.swift; path = RestTests.swift; sourceTree = "<group>"; };
		929E7DF31EBDF9380040B0E8 /* Info.plist */ = {isa = PBXFileReference; lastKnownFileType = text.plist.xml; path = Info.plist; sourceTree = "<group>"; };
		929E7DF81EBDF9380040B0E8 /* RestUITests.xctest */ = {isa = PBXFileReference; explicitFileType = wrapper.cfbundle; includeInIndex = 0; path = RestUITests.xctest; sourceTree = BUILT_PRODUCTS_DIR; };
		929E7DFC1EBDF9380040B0E8 /* RestUITests.swift */ = {isa = PBXFileReference; lastKnownFileType = sourcecode.swift; path = RestUITests.swift; sourceTree = "<group>"; };
		929E7DFE1EBDF9380040B0E8 /* Info.plist */ = {isa = PBXFileReference; lastKnownFileType = text.plist.xml; path = Info.plist; sourceTree = "<group>"; };
		929E7E011EBDF9380040B0E8 /* Rest WatchKit App.app */ = {isa = PBXFileReference; explicitFileType = wrapper.application; includeInIndex = 0; path = "Rest WatchKit App.app"; sourceTree = BUILT_PRODUCTS_DIR; };
		929E7E071EBDF9380040B0E8 /* Base */ = {isa = PBXFileReference; lastKnownFileType = file.storyboard; name = Base; path = Base.lproj/Interface.storyboard; sourceTree = "<group>"; };
		929E7E091EBDF9380040B0E8 /* Assets.xcassets */ = {isa = PBXFileReference; lastKnownFileType = folder.assetcatalog; path = Assets.xcassets; sourceTree = "<group>"; };
		929E7E0B1EBDF9380040B0E8 /* Info.plist */ = {isa = PBXFileReference; lastKnownFileType = text.plist.xml; path = Info.plist; sourceTree = "<group>"; };
		929E7E101EBDF9380040B0E8 /* Rest WatchKit Extension.appex */ = {isa = PBXFileReference; explicitFileType = "wrapper.app-extension"; includeInIndex = 0; path = "Rest WatchKit Extension.appex"; sourceTree = BUILT_PRODUCTS_DIR; };
		929E7E161EBDF9380040B0E8 /* PushNotificationPayload.apns */ = {isa = PBXFileReference; lastKnownFileType = text; path = PushNotificationPayload.apns; sourceTree = "<group>"; };
		929E7E171EBDF9380040B0E8 /* InterfaceController.swift */ = {isa = PBXFileReference; lastKnownFileType = sourcecode.swift; path = InterfaceController.swift; sourceTree = "<group>"; };
		929E7E191EBDF9380040B0E8 /* ExtensionDelegate.swift */ = {isa = PBXFileReference; lastKnownFileType = sourcecode.swift; path = ExtensionDelegate.swift; sourceTree = "<group>"; };
		929E7E1B1EBDF9380040B0E8 /* NotificationController.swift */ = {isa = PBXFileReference; lastKnownFileType = sourcecode.swift; path = NotificationController.swift; sourceTree = "<group>"; };
		929E7E1D1EBDF9380040B0E8 /* ComplicationController.swift */ = {isa = PBXFileReference; lastKnownFileType = sourcecode.swift; path = ComplicationController.swift; sourceTree = "<group>"; };
		929E7E1F1EBDF9380040B0E8 /* Assets.xcassets */ = {isa = PBXFileReference; lastKnownFileType = folder.assetcatalog; path = Assets.xcassets; sourceTree = "<group>"; };
		929E7E211EBDF9380040B0E8 /* Info.plist */ = {isa = PBXFileReference; lastKnownFileType = text.plist.xml; path = Info.plist; sourceTree = "<group>"; };
		935595B6B376462CB7535723 /* Pods-RestUITests.release.xcconfig */ = {isa = PBXFileReference; includeInIndex = 1; lastKnownFileType = text.xcconfig; name = "Pods-RestUITests.release.xcconfig"; path = "Pods/Target Support Files/Pods-RestUITests/Pods-RestUITests.release.xcconfig"; sourceTree = "<group>"; };
		95329037E12890D04B93E651 /* Pods_Rest.framework */ = {isa = PBXFileReference; explicitFileType = wrapper.framework; includeInIndex = 0; path = Pods_Rest.framework; sourceTree = BUILT_PRODUCTS_DIR; };
		ACB67C4D4622264465D124AD /* Pods-RestUITests.debug.xcconfig */ = {isa = PBXFileReference; includeInIndex = 1; lastKnownFileType = text.xcconfig; name = "Pods-RestUITests.debug.xcconfig"; path = "Pods/Target Support Files/Pods-RestUITests/Pods-RestUITests.debug.xcconfig"; sourceTree = "<group>"; };
/* End PBXFileReference section */

/* Begin PBXFrameworksBuildPhase section */
		929E7DD61EBDF9380040B0E8 /* Frameworks */ = {
			isa = PBXFrameworksBuildPhase;
			buildActionMask = 2147483647;
			files = (
				1065597149E2A34FB451E7AF /* Pods_Rest.framework in Frameworks */,
				9253D69A1EBE050C002B4AF6 /* HealthKit.framework in Frameworks */,
			);
			runOnlyForDeploymentPostprocessing = 0;
		};
		929E7DEA1EBDF9380040B0E8 /* Frameworks */ = {
			isa = PBXFrameworksBuildPhase;
			buildActionMask = 2147483647;
			files = (
				F74EFE459D2ECC45D1EA26C9 /* Pods_RestTests.framework in Frameworks */,
			);
			runOnlyForDeploymentPostprocessing = 0;
		};
		929E7DF51EBDF9380040B0E8 /* Frameworks */ = {
			isa = PBXFrameworksBuildPhase;
			buildActionMask = 2147483647;
			files = (
				75A2B9AC211456171A26441D /* Pods_RestUITests.framework in Frameworks */,
			);
			runOnlyForDeploymentPostprocessing = 0;
		};
		929E7E0D1EBDF9380040B0E8 /* Frameworks */ = {
			isa = PBXFrameworksBuildPhase;
			buildActionMask = 2147483647;
			files = (
				A0AE868A39FC2FBBADC8269E /* Pods_Rest_WatchKit_Extension.framework in Frameworks */,
				9253D69D1EBE0559002B4AF6 /* HealthKit.framework in Frameworks */,
			);
			runOnlyForDeploymentPostprocessing = 0;
		};
		BD8BC44FE5F25AD4DC443E5F /* Frameworks */ = {
			isa = PBXFrameworksBuildPhase;
			buildActionMask = 2147483647;
			files = (
				7096CE80F95739CFB7D9BAF0 /* Pods_Rest_WatchKit_App.framework in Frameworks */,
			);
			runOnlyForDeploymentPostprocessing = 0;
		};
/* End PBXFrameworksBuildPhase section */

/* Begin PBXGroup section */
		4CECF9DCB23389AACABB6674 /* Pods */ = {
			isa = PBXGroup;
			children = (
				24CD24746F2B734A812A0096 /* Pods-Rest.debug.xcconfig */,
				0FC182DEF8828F4DF45C7E9F /* Pods-Rest.release.xcconfig */,
				0C500CBBFB35BDC1760168E3 /* Pods-Rest WatchKit App.debug.xcconfig */,
				50815E6C6CCEE021EBD8F85D /* Pods-Rest WatchKit App.release.xcconfig */,
				2CDF913B2C1C1814E13053F6 /* Pods-Rest WatchKit Extension.debug.xcconfig */,
				6C4B23E4D3DBFC3F6BFEB455 /* Pods-Rest WatchKit Extension.release.xcconfig */,
				6DB46E771336302492E8FF82 /* Pods-RestTests.debug.xcconfig */,
				5A2FE107605A21EF19D7B151 /* Pods-RestTests.release.xcconfig */,
				ACB67C4D4622264465D124AD /* Pods-RestUITests.debug.xcconfig */,
				935595B6B376462CB7535723 /* Pods-RestUITests.release.xcconfig */,
			);
			name = Pods;
			sourceTree = "<group>";
		};
		929E7DD01EBDF9380040B0E8 = {
			isa = PBXGroup;
			children = (
				929E7DDB1EBDF9380040B0E8 /* Rest */,
				929E7DF01EBDF9380040B0E8 /* RestTests */,
				929E7DFB1EBDF9380040B0E8 /* RestUITests */,
				929E7E051EBDF9380040B0E8 /* Rest WatchKit App */,
				929E7E141EBDF9380040B0E8 /* Rest WatchKit Extension */,
				929E7DDA1EBDF9380040B0E8 /* Products */,
				4CECF9DCB23389AACABB6674 /* Pods */,
				DE5790FCE0362BF9BECE710F /* Frameworks */,
			);
			sourceTree = "<group>";
		};
		929E7DDA1EBDF9380040B0E8 /* Products */ = {
			isa = PBXGroup;
			children = (
				929E7DD91EBDF9380040B0E8 /* Rest.app */,
				929E7DED1EBDF9380040B0E8 /* RestTests.xctest */,
				929E7DF81EBDF9380040B0E8 /* RestUITests.xctest */,
				929E7E011EBDF9380040B0E8 /* Rest WatchKit App.app */,
				929E7E101EBDF9380040B0E8 /* Rest WatchKit Extension.appex */,
			);
			name = Products;
			sourceTree = "<group>";
		};
		929E7DDB1EBDF9380040B0E8 /* Rest */ = {
			isa = PBXGroup;
			children = (
				9253D6981EBE050C002B4AF6 /* Rest.entitlements */,
				929E7DDC1EBDF9380040B0E8 /* AppDelegate.swift */,
				929E7DDE1EBDF9380040B0E8 /* ViewController.swift */,
				929E7DE01EBDF9380040B0E8 /* Main.storyboard */,
				929E7DE31EBDF9380040B0E8 /* Assets.xcassets */,
				929E7DE51EBDF9380040B0E8 /* LaunchScreen.storyboard */,
				929E7DE81EBDF9380040B0E8 /* Info.plist */,
			);
			path = Rest;
			sourceTree = "<group>";
		};
		929E7DF01EBDF9380040B0E8 /* RestTests */ = {
			isa = PBXGroup;
			children = (
				929E7DF11EBDF9380040B0E8 /* RestTests.swift */,
				929E7DF31EBDF9380040B0E8 /* Info.plist */,
			);
			path = RestTests;
			sourceTree = "<group>";
		};
		929E7DFB1EBDF9380040B0E8 /* RestUITests */ = {
			isa = PBXGroup;
			children = (
				929E7DFC1EBDF9380040B0E8 /* RestUITests.swift */,
				929E7DFE1EBDF9380040B0E8 /* Info.plist */,
			);
			path = RestUITests;
			sourceTree = "<group>";
		};
		929E7E051EBDF9380040B0E8 /* Rest WatchKit App */ = {
			isa = PBXGroup;
			children = (
				929E7E061EBDF9380040B0E8 /* Interface.storyboard */,
				929E7E091EBDF9380040B0E8 /* Assets.xcassets */,
				929E7E0B1EBDF9380040B0E8 /* Info.plist */,
			);
			path = "Rest WatchKit App";
			sourceTree = "<group>";
		};
		929E7E141EBDF9380040B0E8 /* Rest WatchKit Extension */ = {
			isa = PBXGroup;
			children = (
				9253D69B1EBE0559002B4AF6 /* Rest WatchKit Extension.entitlements */,
				929E7E171EBDF9380040B0E8 /* InterfaceController.swift */,
				92428AD21EBE29BF00250436 /* HeartRateInterfaceController.swift */,
				929E7E191EBDF9380040B0E8 /* ExtensionDelegate.swift */,
				9253D6901EBE037A002B4AF6 /* HeartRateManager.swift */,
				9253D69E1EBE06D5002B4AF6 /* RestSessionManager.swift */,
				9253D6941EBE03B3002B4AF6 /* AuthorizationManger.swift */,
				9253D6921EBE0394002B4AF6 /* HeartRate.swift */,
				9253D6961EBE0423002B4AF6 /* HKUnit+BeatsPerMinute.swift */,
				929E7E1B1EBDF9380040B0E8 /* NotificationController.swift */,
				929E7E1D1EBDF9380040B0E8 /* ComplicationController.swift */,
				929E7E1F1EBDF9380040B0E8 /* Assets.xcassets */,
				929E7E211EBDF9380040B0E8 /* Info.plist */,
				929E7E151EBDF9380040B0E8 /* Supporting Files */,
			);
			path = "Rest WatchKit Extension";
			sourceTree = "<group>";
		};
		929E7E151EBDF9380040B0E8 /* Supporting Files */ = {
			isa = PBXGroup;
			children = (
				929E7E161EBDF9380040B0E8 /* PushNotificationPayload.apns */,
			);
			name = "Supporting Files";
			sourceTree = "<group>";
		};
		DE5790FCE0362BF9BECE710F /* Frameworks */ = {
			isa = PBXGroup;
			children = (
				9253D69C1EBE0559002B4AF6 /* HealthKit.framework */,
				9253D6991EBE050C002B4AF6 /* HealthKit.framework */,
				95329037E12890D04B93E651 /* Pods_Rest.framework */,
				5E1F6BC37377C93C21E2BC3B /* Pods_Rest_WatchKit_App.framework */,
				5335ADE105E26AC9FCDE2DF2 /* Pods_Rest_WatchKit_Extension.framework */,
				222DF3F82535B676F9AE30C6 /* Pods_RestTests.framework */,
				746C46EE1F4514348E2162D1 /* Pods_RestUITests.framework */,
			);
			name = Frameworks;
			sourceTree = "<group>";
		};
/* End PBXGroup section */

/* Begin PBXNativeTarget section */
		929E7DD81EBDF9380040B0E8 /* Rest */ = {
			isa = PBXNativeTarget;
			buildConfigurationList = 929E7E2C1EBDF9380040B0E8 /* Build configuration list for PBXNativeTarget "Rest" */;
			buildPhases = (
				21BBB71BD4CB1DB0B535D79A /* [CP] Check Pods Manifest.lock */,
				929E7DD51EBDF9380040B0E8 /* Sources */,
				929E7DD61EBDF9380040B0E8 /* Frameworks */,
				929E7DD71EBDF9380040B0E8 /* Resources */,
				929E7E2B1EBDF9380040B0E8 /* Embed Watch Content */,
				1135387BA5C6E25010C6C3B5 /* [CP] Embed Pods Frameworks */,
				6893748602A5201B5D412EEA /* [CP] Copy Pods Resources */,
				92972A871EBDFB1000D002C5 /* ShellScript */,
			);
			buildRules = (
			);
			dependencies = (
				929E7E041EBDF9380040B0E8 /* PBXTargetDependency */,
			);
			name = Rest;
			productName = Rest;
			productReference = 929E7DD91EBDF9380040B0E8 /* Rest.app */;
			productType = "com.apple.product-type.application";
		};
		929E7DEC1EBDF9380040B0E8 /* RestTests */ = {
			isa = PBXNativeTarget;
			buildConfigurationList = 929E7E2F1EBDF9380040B0E8 /* Build configuration list for PBXNativeTarget "RestTests" */;
			buildPhases = (
				70B58DC59086A158A742D017 /* [CP] Check Pods Manifest.lock */,
				929E7DE91EBDF9380040B0E8 /* Sources */,
				929E7DEA1EBDF9380040B0E8 /* Frameworks */,
				929E7DEB1EBDF9380040B0E8 /* Resources */,
				9ABA38E438F5F9AE097516CB /* [CP] Embed Pods Frameworks */,
				D3812717EF2AD8E21F565D09 /* [CP] Copy Pods Resources */,
			);
			buildRules = (
			);
			dependencies = (
				929E7DEF1EBDF9380040B0E8 /* PBXTargetDependency */,
			);
			name = RestTests;
			productName = RestTests;
			productReference = 929E7DED1EBDF9380040B0E8 /* RestTests.xctest */;
			productType = "com.apple.product-type.bundle.unit-test";
		};
		929E7DF71EBDF9380040B0E8 /* RestUITests */ = {
			isa = PBXNativeTarget;
			buildConfigurationList = 929E7E321EBDF9380040B0E8 /* Build configuration list for PBXNativeTarget "RestUITests" */;
			buildPhases = (
				5A754C0C7491E5D78C63CBA3 /* [CP] Check Pods Manifest.lock */,
				929E7DF41EBDF9380040B0E8 /* Sources */,
				929E7DF51EBDF9380040B0E8 /* Frameworks */,
				929E7DF61EBDF9380040B0E8 /* Resources */,
				55D3F4ED20320318C05190B6 /* [CP] Embed Pods Frameworks */,
				AFB49D3E5A5008886D54943D /* [CP] Copy Pods Resources */,
			);
			buildRules = (
			);
			dependencies = (
				929E7DFA1EBDF9380040B0E8 /* PBXTargetDependency */,
			);
			name = RestUITests;
			productName = RestUITests;
			productReference = 929E7DF81EBDF9380040B0E8 /* RestUITests.xctest */;
			productType = "com.apple.product-type.bundle.ui-testing";
		};
		929E7E001EBDF9380040B0E8 /* Rest WatchKit App */ = {
			isa = PBXNativeTarget;
			buildConfigurationList = 929E7E281EBDF9380040B0E8 /* Build configuration list for PBXNativeTarget "Rest WatchKit App" */;
			buildPhases = (
				C9839E44CDB540EF45C7B459 /* [CP] Check Pods Manifest.lock */,
				929E7DFF1EBDF9380040B0E8 /* Resources */,
				929E7E271EBDF9380040B0E8 /* Embed App Extensions */,
				BD8BC44FE5F25AD4DC443E5F /* Frameworks */,
				2EE24A3277BA734735767C28 /* [CP] Copy Pods Resources */,
			);
			buildRules = (
			);
			dependencies = (
				929E7E131EBDF9380040B0E8 /* PBXTargetDependency */,
			);
			name = "Rest WatchKit App";
			productName = "Rest WatchKit App";
			productReference = 929E7E011EBDF9380040B0E8 /* Rest WatchKit App.app */;
			productType = "com.apple.product-type.application.watchapp2";
		};
		929E7E0F1EBDF9380040B0E8 /* Rest WatchKit Extension */ = {
			isa = PBXNativeTarget;
			buildConfigurationList = 929E7E241EBDF9380040B0E8 /* Build configuration list for PBXNativeTarget "Rest WatchKit Extension" */;
			buildPhases = (
				D593464471D14B5F93DABD84 /* [CP] Check Pods Manifest.lock */,
				929E7E0C1EBDF9380040B0E8 /* Sources */,
				929E7E0D1EBDF9380040B0E8 /* Frameworks */,
				929E7E0E1EBDF9380040B0E8 /* Resources */,
				6DB3DD954782C20E3CB6DAA7 /* [CP] Embed Pods Frameworks */,
				E805F415AD7495C2BEBA48DF /* [CP] Copy Pods Resources */,
			);
			buildRules = (
			);
			dependencies = (
			);
			name = "Rest WatchKit Extension";
			productName = "Rest WatchKit Extension";
			productReference = 929E7E101EBDF9380040B0E8 /* Rest WatchKit Extension.appex */;
			productType = "com.apple.product-type.watchkit2-extension";
		};
/* End PBXNativeTarget section */

/* Begin PBXProject section */
		929E7DD11EBDF9380040B0E8 /* Project object */ = {
			isa = PBXProject;
			attributes = {
				LastSwiftUpdateCheck = 0830;
				LastUpgradeCheck = 0830;
				ORGANIZATIONNAME = "Arthur Papailhau";
				TargetAttributes = {
					929E7DD81EBDF9380040B0E8 = {
						CreatedOnToolsVersion = 8.3.2;
						DevelopmentTeam = Q4B996RU7K;
						ProvisioningStyle = Automatic;
						SystemCapabilities = {
							com.apple.HealthKit = {
								enabled = 1;
							};
						};
					};
					929E7DEC1EBDF9380040B0E8 = {
						CreatedOnToolsVersion = 8.3.2;
						DevelopmentTeam = Q4B996RU7K;
						ProvisioningStyle = Automatic;
						TestTargetID = 929E7DD81EBDF9380040B0E8;
					};
					929E7DF71EBDF9380040B0E8 = {
						CreatedOnToolsVersion = 8.3.2;
						DevelopmentTeam = Q4B996RU7K;
						ProvisioningStyle = Automatic;
						TestTargetID = 929E7DD81EBDF9380040B0E8;
					};
					929E7E001EBDF9380040B0E8 = {
						CreatedOnToolsVersion = 8.3.2;
						DevelopmentTeam = Q4B996RU7K;
						ProvisioningStyle = Automatic;
					};
					929E7E0F1EBDF9380040B0E8 = {
						CreatedOnToolsVersion = 8.3.2;
						DevelopmentTeam = Q4B996RU7K;
						ProvisioningStyle = Automatic;
						SystemCapabilities = {
							com.apple.HealthKit.watchos = {
								enabled = 1;
							};
						};
					};
				};
			};
			buildConfigurationList = 929E7DD41EBDF9380040B0E8 /* Build configuration list for PBXProject "Rest" */;
			compatibilityVersion = "Xcode 3.2";
			developmentRegion = English;
			hasScannedForEncodings = 0;
			knownRegions = (
				en,
				Base,
			);
			mainGroup = 929E7DD01EBDF9380040B0E8;
			productRefGroup = 929E7DDA1EBDF9380040B0E8 /* Products */;
			projectDirPath = "";
			projectRoot = "";
			targets = (
				929E7DD81EBDF9380040B0E8 /* Rest */,
				929E7DEC1EBDF9380040B0E8 /* RestTests */,
				929E7DF71EBDF9380040B0E8 /* RestUITests */,
				929E7E001EBDF9380040B0E8 /* Rest WatchKit App */,
				929E7E0F1EBDF9380040B0E8 /* Rest WatchKit Extension */,
			);
		};
/* End PBXProject section */

/* Begin PBXResourcesBuildPhase section */
		929E7DD71EBDF9380040B0E8 /* Resources */ = {
			isa = PBXResourcesBuildPhase;
			buildActionMask = 2147483647;
			files = (
				929E7DE71EBDF9380040B0E8 /* LaunchScreen.storyboard in Resources */,
				929E7DE41EBDF9380040B0E8 /* Assets.xcassets in Resources */,
				929E7DE21EBDF9380040B0E8 /* Main.storyboard in Resources */,
			);
			runOnlyForDeploymentPostprocessing = 0;
		};
		929E7DEB1EBDF9380040B0E8 /* Resources */ = {
			isa = PBXResourcesBuildPhase;
			buildActionMask = 2147483647;
			files = (
			);
			runOnlyForDeploymentPostprocessing = 0;
		};
		929E7DF61EBDF9380040B0E8 /* Resources */ = {
			isa = PBXResourcesBuildPhase;
			buildActionMask = 2147483647;
			files = (
			);
			runOnlyForDeploymentPostprocessing = 0;
		};
		929E7DFF1EBDF9380040B0E8 /* Resources */ = {
			isa = PBXResourcesBuildPhase;
			buildActionMask = 2147483647;
			files = (
				929E7E0A1EBDF9380040B0E8 /* Assets.xcassets in Resources */,
				929E7E081EBDF9380040B0E8 /* Interface.storyboard in Resources */,
			);
			runOnlyForDeploymentPostprocessing = 0;
		};
		929E7E0E1EBDF9380040B0E8 /* Resources */ = {
			isa = PBXResourcesBuildPhase;
			buildActionMask = 2147483647;
			files = (
				929E7E201EBDF9380040B0E8 /* Assets.xcassets in Resources */,
			);
			runOnlyForDeploymentPostprocessing = 0;
		};
/* End PBXResourcesBuildPhase section */

/* Begin PBXShellScriptBuildPhase section */
		1135387BA5C6E25010C6C3B5 /* [CP] Embed Pods Frameworks */ = {
			isa = PBXShellScriptBuildPhase;
			buildActionMask = 2147483647;
			files = (
			);
			inputPaths = (
			);
			name = "[CP] Embed Pods Frameworks";
			outputPaths = (
			);
			runOnlyForDeploymentPostprocessing = 0;
			shellPath = /bin/sh;
			shellScript = "\"${SRCROOT}/Pods/Target Support Files/Pods-Rest/Pods-Rest-frameworks.sh\"\n";
			showEnvVarsInLog = 0;
		};
		21BBB71BD4CB1DB0B535D79A /* [CP] Check Pods Manifest.lock */ = {
			isa = PBXShellScriptBuildPhase;
			buildActionMask = 2147483647;
			files = (
			);
			inputPaths = (
			);
			name = "[CP] Check Pods Manifest.lock";
			outputPaths = (
			);
			runOnlyForDeploymentPostprocessing = 0;
			shellPath = /bin/sh;
			shellScript = "diff \"${PODS_ROOT}/../Podfile.lock\" \"${PODS_ROOT}/Manifest.lock\" > /dev/null\nif [ $? != 0 ] ; then\n    # print error to STDERR\n    echo \"error: The sandbox is not in sync with the Podfile.lock. Run 'pod install' or update your CocoaPods installation.\" >&2\n    exit 1\nfi\n";
			showEnvVarsInLog = 0;
		};
		2EE24A3277BA734735767C28 /* [CP] Copy Pods Resources */ = {
			isa = PBXShellScriptBuildPhase;
			buildActionMask = 2147483647;
			files = (
			);
			inputPaths = (
			);
			name = "[CP] Copy Pods Resources";
			outputPaths = (
			);
			runOnlyForDeploymentPostprocessing = 0;
			shellPath = /bin/sh;
			shellScript = "\"${SRCROOT}/Pods/Target Support Files/Pods-Rest WatchKit App/Pods-Rest WatchKit App-resources.sh\"\n";
			showEnvVarsInLog = 0;
		};
		55D3F4ED20320318C05190B6 /* [CP] Embed Pods Frameworks */ = {
			isa = PBXShellScriptBuildPhase;
			buildActionMask = 2147483647;
			files = (
			);
			inputPaths = (
			);
			name = "[CP] Embed Pods Frameworks";
			outputPaths = (
			);
			runOnlyForDeploymentPostprocessing = 0;
			shellPath = /bin/sh;
			shellScript = "\"${SRCROOT}/Pods/Target Support Files/Pods-RestUITests/Pods-RestUITests-frameworks.sh\"\n";
			showEnvVarsInLog = 0;
		};
		5A754C0C7491E5D78C63CBA3 /* [CP] Check Pods Manifest.lock */ = {
			isa = PBXShellScriptBuildPhase;
			buildActionMask = 2147483647;
			files = (
			);
			inputPaths = (
			);
			name = "[CP] Check Pods Manifest.lock";
			outputPaths = (
			);
			runOnlyForDeploymentPostprocessing = 0;
			shellPath = /bin/sh;
			shellScript = "diff \"${PODS_ROOT}/../Podfile.lock\" \"${PODS_ROOT}/Manifest.lock\" > /dev/null\nif [ $? != 0 ] ; then\n    # print error to STDERR\n    echo \"error: The sandbox is not in sync with the Podfile.lock. Run 'pod install' or update your CocoaPods installation.\" >&2\n    exit 1\nfi\n";
			showEnvVarsInLog = 0;
		};
		6893748602A5201B5D412EEA /* [CP] Copy Pods Resources */ = {
			isa = PBXShellScriptBuildPhase;
			buildActionMask = 2147483647;
			files = (
			);
			inputPaths = (
			);
			name = "[CP] Copy Pods Resources";
			outputPaths = (
			);
			runOnlyForDeploymentPostprocessing = 0;
			shellPath = /bin/sh;
			shellScript = "\"${SRCROOT}/Pods/Target Support Files/Pods-Rest/Pods-Rest-resources.sh\"\n";
			showEnvVarsInLog = 0;
		};
		6DB3DD954782C20E3CB6DAA7 /* [CP] Embed Pods Frameworks */ = {
			isa = PBXShellScriptBuildPhase;
			buildActionMask = 2147483647;
			files = (
			);
			inputPaths = (
			);
			name = "[CP] Embed Pods Frameworks";
			outputPaths = (
			);
			runOnlyForDeploymentPostprocessing = 0;
			shellPath = /bin/sh;
			shellScript = "\"${SRCROOT}/Pods/Target Support Files/Pods-Rest WatchKit Extension/Pods-Rest WatchKit Extension-frameworks.sh\"\n";
			showEnvVarsInLog = 0;
		};
		70B58DC59086A158A742D017 /* [CP] Check Pods Manifest.lock */ = {
			isa = PBXShellScriptBuildPhase;
			buildActionMask = 2147483647;
			files = (
			);
			inputPaths = (
			);
			name = "[CP] Check Pods Manifest.lock";
			outputPaths = (
			);
			runOnlyForDeploymentPostprocessing = 0;
			shellPath = /bin/sh;
			shellScript = "diff \"${PODS_ROOT}/../Podfile.lock\" \"${PODS_ROOT}/Manifest.lock\" > /dev/null\nif [ $? != 0 ] ; then\n    # print error to STDERR\n    echo \"error: The sandbox is not in sync with the Podfile.lock. Run 'pod install' or update your CocoaPods installation.\" >&2\n    exit 1\nfi\n";
			showEnvVarsInLog = 0;
		};
		92972A871EBDFB1000D002C5 /* ShellScript */ = {
			isa = PBXShellScriptBuildPhase;
			buildActionMask = 2147483647;
			files = (
			);
			inputPaths = (
			);
			outputPaths = (
			);
			runOnlyForDeploymentPostprocessing = 0;
			shellPath = /bin/sh;
			shellScript = "if which swiftlint >/dev/null; then\n    \"${PODS_ROOT}/SwiftLint/swiftlint\"\nelse\n    echo \"warning: SwiftLint not installed, download from https://github.com/realm/SwiftLint\"\nfi";
		};
		9ABA38E438F5F9AE097516CB /* [CP] Embed Pods Frameworks */ = {
			isa = PBXShellScriptBuildPhase;
			buildActionMask = 2147483647;
			files = (
			);
			inputPaths = (
			);
			name = "[CP] Embed Pods Frameworks";
			outputPaths = (
			);
			runOnlyForDeploymentPostprocessing = 0;
			shellPath = /bin/sh;
			shellScript = "\"${SRCROOT}/Pods/Target Support Files/Pods-RestTests/Pods-RestTests-frameworks.sh\"\n";
			showEnvVarsInLog = 0;
		};
		AFB49D3E5A5008886D54943D /* [CP] Copy Pods Resources */ = {
			isa = PBXShellScriptBuildPhase;
			buildActionMask = 2147483647;
			files = (
			);
			inputPaths = (
			);
			name = "[CP] Copy Pods Resources";
			outputPaths = (
			);
			runOnlyForDeploymentPostprocessing = 0;
			shellPath = /bin/sh;
			shellScript = "\"${SRCROOT}/Pods/Target Support Files/Pods-RestUITests/Pods-RestUITests-resources.sh\"\n";
			showEnvVarsInLog = 0;
		};
		C9839E44CDB540EF45C7B459 /* [CP] Check Pods Manifest.lock */ = {
			isa = PBXShellScriptBuildPhase;
			buildActionMask = 2147483647;
			files = (
			);
			inputPaths = (
			);
			name = "[CP] Check Pods Manifest.lock";
			outputPaths = (
			);
			runOnlyForDeploymentPostprocessing = 0;
			shellPath = /bin/sh;
			shellScript = "diff \"${PODS_ROOT}/../Podfile.lock\" \"${PODS_ROOT}/Manifest.lock\" > /dev/null\nif [ $? != 0 ] ; then\n    # print error to STDERR\n    echo \"error: The sandbox is not in sync with the Podfile.lock. Run 'pod install' or update your CocoaPods installation.\" >&2\n    exit 1\nfi\n";
			showEnvVarsInLog = 0;
		};
		D3812717EF2AD8E21F565D09 /* [CP] Copy Pods Resources */ = {
			isa = PBXShellScriptBuildPhase;
			buildActionMask = 2147483647;
			files = (
			);
			inputPaths = (
			);
			name = "[CP] Copy Pods Resources";
			outputPaths = (
			);
			runOnlyForDeploymentPostprocessing = 0;
			shellPath = /bin/sh;
			shellScript = "\"${SRCROOT}/Pods/Target Support Files/Pods-RestTests/Pods-RestTests-resources.sh\"\n";
			showEnvVarsInLog = 0;
		};
		D593464471D14B5F93DABD84 /* [CP] Check Pods Manifest.lock */ = {
			isa = PBXShellScriptBuildPhase;
			buildActionMask = 2147483647;
			files = (
			);
			inputPaths = (
			);
			name = "[CP] Check Pods Manifest.lock";
			outputPaths = (
			);
			runOnlyForDeploymentPostprocessing = 0;
			shellPath = /bin/sh;
			shellScript = "diff \"${PODS_ROOT}/../Podfile.lock\" \"${PODS_ROOT}/Manifest.lock\" > /dev/null\nif [ $? != 0 ] ; then\n    # print error to STDERR\n    echo \"error: The sandbox is not in sync with the Podfile.lock. Run 'pod install' or update your CocoaPods installation.\" >&2\n    exit 1\nfi\n";
			showEnvVarsInLog = 0;
		};
		E805F415AD7495C2BEBA48DF /* [CP] Copy Pods Resources */ = {
			isa = PBXShellScriptBuildPhase;
			buildActionMask = 2147483647;
			files = (
			);
			inputPaths = (
			);
			name = "[CP] Copy Pods Resources";
			outputPaths = (
			);
			runOnlyForDeploymentPostprocessing = 0;
			shellPath = /bin/sh;
			shellScript = "\"${SRCROOT}/Pods/Target Support Files/Pods-Rest WatchKit Extension/Pods-Rest WatchKit Extension-resources.sh\"\n";
			showEnvVarsInLog = 0;
		};
/* End PBXShellScriptBuildPhase section */

/* Begin PBXSourcesBuildPhase section */
		929E7DD51EBDF9380040B0E8 /* Sources */ = {
			isa = PBXSourcesBuildPhase;
			buildActionMask = 2147483647;
			files = (
				929E7DDF1EBDF9380040B0E8 /* ViewController.swift in Sources */,
				929E7DDD1EBDF9380040B0E8 /* AppDelegate.swift in Sources */,
			);
			runOnlyForDeploymentPostprocessing = 0;
		};
		929E7DE91EBDF9380040B0E8 /* Sources */ = {
			isa = PBXSourcesBuildPhase;
			buildActionMask = 2147483647;
			files = (
				929E7DF21EBDF9380040B0E8 /* RestTests.swift in Sources */,
			);
			runOnlyForDeploymentPostprocessing = 0;
		};
		929E7DF41EBDF9380040B0E8 /* Sources */ = {
			isa = PBXSourcesBuildPhase;
			buildActionMask = 2147483647;
			files = (
				929E7DFD1EBDF9380040B0E8 /* RestUITests.swift in Sources */,
			);
			runOnlyForDeploymentPostprocessing = 0;
		};
		929E7E0C1EBDF9380040B0E8 /* Sources */ = {
			isa = PBXSourcesBuildPhase;
			buildActionMask = 2147483647;
			files = (
				929E7E1C1EBDF9380040B0E8 /* NotificationController.swift in Sources */,
				929E7E1E1EBDF9380040B0E8 /* ComplicationController.swift in Sources */,
				92428AD31EBE29BF00250436 /* HeartRateInterfaceController.swift in Sources */,
				929E7E1A1EBDF9380040B0E8 /* ExtensionDelegate.swift in Sources */,
				929E7E181EBDF9380040B0E8 /* InterfaceController.swift in Sources */,
				9253D6971EBE0423002B4AF6 /* HKUnit+BeatsPerMinute.swift in Sources */,
				9253D6951EBE03B3002B4AF6 /* AuthorizationManger.swift in Sources */,
				9253D6931EBE0394002B4AF6 /* HeartRate.swift in Sources */,
				9253D6911EBE037A002B4AF6 /* HeartRateManager.swift in Sources */,
				9253D69F1EBE06D5002B4AF6 /* RestSessionManager.swift in Sources */,
			);
			runOnlyForDeploymentPostprocessing = 0;
		};
/* End PBXSourcesBuildPhase section */

/* Begin PBXTargetDependency section */
		929E7DEF1EBDF9380040B0E8 /* PBXTargetDependency */ = {
			isa = PBXTargetDependency;
			target = 929E7DD81EBDF9380040B0E8 /* Rest */;
			targetProxy = 929E7DEE1EBDF9380040B0E8 /* PBXContainerItemProxy */;
		};
		929E7DFA1EBDF9380040B0E8 /* PBXTargetDependency */ = {
			isa = PBXTargetDependency;
			target = 929E7DD81EBDF9380040B0E8 /* Rest */;
			targetProxy = 929E7DF91EBDF9380040B0E8 /* PBXContainerItemProxy */;
		};
		929E7E041EBDF9380040B0E8 /* PBXTargetDependency */ = {
			isa = PBXTargetDependency;
			target = 929E7E001EBDF9380040B0E8 /* Rest WatchKit App */;
			targetProxy = 929E7E031EBDF9380040B0E8 /* PBXContainerItemProxy */;
		};
		929E7E131EBDF9380040B0E8 /* PBXTargetDependency */ = {
			isa = PBXTargetDependency;
			target = 929E7E0F1EBDF9380040B0E8 /* Rest WatchKit Extension */;
			targetProxy = 929E7E121EBDF9380040B0E8 /* PBXContainerItemProxy */;
		};
/* End PBXTargetDependency section */

/* Begin PBXVariantGroup section */
		929E7DE01EBDF9380040B0E8 /* Main.storyboard */ = {
			isa = PBXVariantGroup;
			children = (
				929E7DE11EBDF9380040B0E8 /* Base */,
			);
			name = Main.storyboard;
			sourceTree = "<group>";
		};
		929E7DE51EBDF9380040B0E8 /* LaunchScreen.storyboard */ = {
			isa = PBXVariantGroup;
			children = (
				929E7DE61EBDF9380040B0E8 /* Base */,
			);
			name = LaunchScreen.storyboard;
			sourceTree = "<group>";
		};
		929E7E061EBDF9380040B0E8 /* Interface.storyboard */ = {
			isa = PBXVariantGroup;
			children = (
				929E7E071EBDF9380040B0E8 /* Base */,
			);
			name = Interface.storyboard;
			sourceTree = "<group>";
		};
/* End PBXVariantGroup section */

/* Begin XCBuildConfiguration section */
		929E7E221EBDF9380040B0E8 /* Debug */ = {
			isa = XCBuildConfiguration;
			buildSettings = {
				ALWAYS_SEARCH_USER_PATHS = NO;
				CLANG_ANALYZER_NONNULL = YES;
				CLANG_ANALYZER_NUMBER_OBJECT_CONVERSION = YES_AGGRESSIVE;
				CLANG_CXX_LANGUAGE_STANDARD = "gnu++0x";
				CLANG_CXX_LIBRARY = "libc++";
				CLANG_ENABLE_MODULES = YES;
				CLANG_ENABLE_OBJC_ARC = YES;
				CLANG_WARN_BOOL_CONVERSION = YES;
				CLANG_WARN_CONSTANT_CONVERSION = YES;
				CLANG_WARN_DIRECT_OBJC_ISA_USAGE = YES_ERROR;
				CLANG_WARN_DOCUMENTATION_COMMENTS = YES;
				CLANG_WARN_EMPTY_BODY = YES;
				CLANG_WARN_ENUM_CONVERSION = YES;
				CLANG_WARN_INFINITE_RECURSION = YES;
				CLANG_WARN_INT_CONVERSION = YES;
				CLANG_WARN_OBJC_ROOT_CLASS = YES_ERROR;
				CLANG_WARN_SUSPICIOUS_MOVE = YES;
				CLANG_WARN_UNREACHABLE_CODE = YES;
				CLANG_WARN__DUPLICATE_METHOD_MATCH = YES;
				"CODE_SIGN_IDENTITY[sdk=iphoneos*]" = "iPhone Developer";
				COPY_PHASE_STRIP = NO;
				DEBUG_INFORMATION_FORMAT = dwarf;
				ENABLE_STRICT_OBJC_MSGSEND = YES;
				ENABLE_TESTABILITY = YES;
				GCC_C_LANGUAGE_STANDARD = gnu99;
				GCC_DYNAMIC_NO_PIC = NO;
				GCC_NO_COMMON_BLOCKS = YES;
				GCC_OPTIMIZATION_LEVEL = 0;
				GCC_PREPROCESSOR_DEFINITIONS = (
					"DEBUG=1",
					"$(inherited)",
				);
				GCC_WARN_64_TO_32_BIT_CONVERSION = YES;
				GCC_WARN_ABOUT_RETURN_TYPE = YES_ERROR;
				GCC_WARN_UNDECLARED_SELECTOR = YES;
				GCC_WARN_UNINITIALIZED_AUTOS = YES_AGGRESSIVE;
				GCC_WARN_UNUSED_FUNCTION = YES;
				GCC_WARN_UNUSED_VARIABLE = YES;
				IPHONEOS_DEPLOYMENT_TARGET = 10.3;
				MTL_ENABLE_DEBUG_INFO = YES;
				ONLY_ACTIVE_ARCH = YES;
				SDKROOT = iphoneos;
				SWIFT_ACTIVE_COMPILATION_CONDITIONS = DEBUG;
				SWIFT_OPTIMIZATION_LEVEL = "-Onone";
				TARGETED_DEVICE_FAMILY = "1,2";
			};
			name = Debug;
		};
		929E7E231EBDF9380040B0E8 /* Release */ = {
			isa = XCBuildConfiguration;
			buildSettings = {
				ALWAYS_SEARCH_USER_PATHS = NO;
				CLANG_ANALYZER_NONNULL = YES;
				CLANG_ANALYZER_NUMBER_OBJECT_CONVERSION = YES_AGGRESSIVE;
				CLANG_CXX_LANGUAGE_STANDARD = "gnu++0x";
				CLANG_CXX_LIBRARY = "libc++";
				CLANG_ENABLE_MODULES = YES;
				CLANG_ENABLE_OBJC_ARC = YES;
				CLANG_WARN_BOOL_CONVERSION = YES;
				CLANG_WARN_CONSTANT_CONVERSION = YES;
				CLANG_WARN_DIRECT_OBJC_ISA_USAGE = YES_ERROR;
				CLANG_WARN_DOCUMENTATION_COMMENTS = YES;
				CLANG_WARN_EMPTY_BODY = YES;
				CLANG_WARN_ENUM_CONVERSION = YES;
				CLANG_WARN_INFINITE_RECURSION = YES;
				CLANG_WARN_INT_CONVERSION = YES;
				CLANG_WARN_OBJC_ROOT_CLASS = YES_ERROR;
				CLANG_WARN_SUSPICIOUS_MOVE = YES;
				CLANG_WARN_UNREACHABLE_CODE = YES;
				CLANG_WARN__DUPLICATE_METHOD_MATCH = YES;
				"CODE_SIGN_IDENTITY[sdk=iphoneos*]" = "iPhone Developer";
				COPY_PHASE_STRIP = NO;
				DEBUG_INFORMATION_FORMAT = "dwarf-with-dsym";
				ENABLE_NS_ASSERTIONS = NO;
				ENABLE_STRICT_OBJC_MSGSEND = YES;
				GCC_C_LANGUAGE_STANDARD = gnu99;
				GCC_NO_COMMON_BLOCKS = YES;
				GCC_WARN_64_TO_32_BIT_CONVERSION = YES;
				GCC_WARN_ABOUT_RETURN_TYPE = YES_ERROR;
				GCC_WARN_UNDECLARED_SELECTOR = YES;
				GCC_WARN_UNINITIALIZED_AUTOS = YES_AGGRESSIVE;
				GCC_WARN_UNUSED_FUNCTION = YES;
				GCC_WARN_UNUSED_VARIABLE = YES;
				IPHONEOS_DEPLOYMENT_TARGET = 10.3;
				MTL_ENABLE_DEBUG_INFO = NO;
				SDKROOT = iphoneos;
				SWIFT_OPTIMIZATION_LEVEL = "-Owholemodule";
				TARGETED_DEVICE_FAMILY = "1,2";
				VALIDATE_PRODUCT = YES;
			};
			name = Release;
		};
		929E7E251EBDF9380040B0E8 /* Debug */ = {
			isa = XCBuildConfiguration;
			baseConfigurationReference = 2CDF913B2C1C1814E13053F6 /* Pods-Rest WatchKit Extension.debug.xcconfig */;
			buildSettings = {
				ASSETCATALOG_COMPILER_COMPLICATION_NAME = Complication;
				CODE_SIGN_ENTITLEMENTS = "Rest WatchKit Extension/Rest WatchKit Extension.entitlements";
				DEVELOPMENT_TEAM = Q4B996RU7K;
				INFOPLIST_FILE = "Rest WatchKit Extension/Info.plist";
				LD_RUNPATH_SEARCH_PATHS = "$(inherited) @executable_path/Frameworks @executable_path/../../Frameworks";
				PRODUCT_BUNDLE_IDENTIFIER = papay0.Rest.watchkitapp.watchkitextension;
				PRODUCT_NAME = "${TARGET_NAME}";
				SDKROOT = watchos;
				SKIP_INSTALL = YES;
				SWIFT_VERSION = 3.0;
				TARGETED_DEVICE_FAMILY = 4;
				WATCHOS_DEPLOYMENT_TARGET = 3.2;
			};
			name = Debug;
		};
		929E7E261EBDF9380040B0E8 /* Release */ = {
			isa = XCBuildConfiguration;
			baseConfigurationReference = 6C4B23E4D3DBFC3F6BFEB455 /* Pods-Rest WatchKit Extension.release.xcconfig */;
			buildSettings = {
				ASSETCATALOG_COMPILER_COMPLICATION_NAME = Complication;
				CODE_SIGN_ENTITLEMENTS = "Rest WatchKit Extension/Rest WatchKit Extension.entitlements";
				DEVELOPMENT_TEAM = Q4B996RU7K;
				INFOPLIST_FILE = "Rest WatchKit Extension/Info.plist";
				LD_RUNPATH_SEARCH_PATHS = "$(inherited) @executable_path/Frameworks @executable_path/../../Frameworks";
				PRODUCT_BUNDLE_IDENTIFIER = papay0.Rest.watchkitapp.watchkitextension;
				PRODUCT_NAME = "${TARGET_NAME}";
				SDKROOT = watchos;
				SKIP_INSTALL = YES;
				SWIFT_VERSION = 3.0;
				TARGETED_DEVICE_FAMILY = 4;
				WATCHOS_DEPLOYMENT_TARGET = 3.2;
			};
			name = Release;
		};
		929E7E291EBDF9380040B0E8 /* Debug */ = {
			isa = XCBuildConfiguration;
			baseConfigurationReference = 0C500CBBFB35BDC1760168E3 /* Pods-Rest WatchKit App.debug.xcconfig */;
			buildSettings = {
				ALWAYS_EMBED_SWIFT_STANDARD_LIBRARIES = YES;
				ASSETCATALOG_COMPILER_APPICON_NAME = AppIcon;
				DEVELOPMENT_TEAM = Q4B996RU7K;
				IBSC_MODULE = Rest_WatchKit_Extension;
				INFOPLIST_FILE = "Rest WatchKit App/Info.plist";
				PRODUCT_BUNDLE_IDENTIFIER = papay0.Rest.watchkitapp;
				PRODUCT_NAME = "$(TARGET_NAME)";
				SDKROOT = watchos;
				SKIP_INSTALL = YES;
				SWIFT_VERSION = 3.0;
				TARGETED_DEVICE_FAMILY = 4;
				WATCHOS_DEPLOYMENT_TARGET = 3.2;
			};
			name = Debug;
		};
		929E7E2A1EBDF9380040B0E8 /* Release */ = {
			isa = XCBuildConfiguration;
			baseConfigurationReference = 50815E6C6CCEE021EBD8F85D /* Pods-Rest WatchKit App.release.xcconfig */;
			buildSettings = {
				ALWAYS_EMBED_SWIFT_STANDARD_LIBRARIES = YES;
				ASSETCATALOG_COMPILER_APPICON_NAME = AppIcon;
				DEVELOPMENT_TEAM = Q4B996RU7K;
				IBSC_MODULE = Rest_WatchKit_Extension;
				INFOPLIST_FILE = "Rest WatchKit App/Info.plist";
				PRODUCT_BUNDLE_IDENTIFIER = papay0.Rest.watchkitapp;
				PRODUCT_NAME = "$(TARGET_NAME)";
				SDKROOT = watchos;
				SKIP_INSTALL = YES;
				SWIFT_VERSION = 3.0;
				TARGETED_DEVICE_FAMILY = 4;
				WATCHOS_DEPLOYMENT_TARGET = 3.2;
			};
			name = Release;
		};
		929E7E2D1EBDF9380040B0E8 /* Debug */ = {
			isa = XCBuildConfiguration;
			baseConfigurationReference = 24CD24746F2B734A812A0096 /* Pods-Rest.debug.xcconfig */;
			buildSettings = {
				ASSETCATALOG_COMPILER_APPICON_NAME = AppIcon;
				CODE_SIGN_ENTITLEMENTS = Rest/Rest.entitlements;
				DEVELOPMENT_TEAM = Q4B996RU7K;
				INFOPLIST_FILE = Rest/Info.plist;
				LD_RUNPATH_SEARCH_PATHS = "$(inherited) @executable_path/Frameworks";
				PRODUCT_BUNDLE_IDENTIFIER = papay0.Rest;
				PRODUCT_NAME = "$(TARGET_NAME)";
				SWIFT_VERSION = 3.0;
			};
			name = Debug;
		};
		929E7E2E1EBDF9380040B0E8 /* Release */ = {
			isa = XCBuildConfiguration;
			baseConfigurationReference = 0FC182DEF8828F4DF45C7E9F /* Pods-Rest.release.xcconfig */;
			buildSettings = {
				ASSETCATALOG_COMPILER_APPICON_NAME = AppIcon;
				CODE_SIGN_ENTITLEMENTS = Rest/Rest.entitlements;
				DEVELOPMENT_TEAM = Q4B996RU7K;
				INFOPLIST_FILE = Rest/Info.plist;
				LD_RUNPATH_SEARCH_PATHS = "$(inherited) @executable_path/Frameworks";
				PRODUCT_BUNDLE_IDENTIFIER = papay0.Rest;
				PRODUCT_NAME = "$(TARGET_NAME)";
				SWIFT_VERSION = 3.0;
			};
			name = Release;
		};
		929E7E301EBDF9380040B0E8 /* Debug */ = {
			isa = XCBuildConfiguration;
			baseConfigurationReference = 6DB46E771336302492E8FF82 /* Pods-RestTests.debug.xcconfig */;
			buildSettings = {
				ALWAYS_EMBED_SWIFT_STANDARD_LIBRARIES = YES;
				BUNDLE_LOADER = "$(TEST_HOST)";
				DEVELOPMENT_TEAM = Q4B996RU7K;
				INFOPLIST_FILE = RestTests/Info.plist;
				LD_RUNPATH_SEARCH_PATHS = "$(inherited) @executable_path/Frameworks @loader_path/Frameworks";
				PRODUCT_BUNDLE_IDENTIFIER = papay0.RestTests;
				PRODUCT_NAME = "$(TARGET_NAME)";
				SWIFT_VERSION = 3.0;
				TEST_HOST = "$(BUILT_PRODUCTS_DIR)/Rest.app/Rest";
			};
			name = Debug;
		};
		929E7E311EBDF9380040B0E8 /* Release */ = {
			isa = XCBuildConfiguration;
			baseConfigurationReference = 5A2FE107605A21EF19D7B151 /* Pods-RestTests.release.xcconfig */;
			buildSettings = {
				ALWAYS_EMBED_SWIFT_STANDARD_LIBRARIES = YES;
				BUNDLE_LOADER = "$(TEST_HOST)";
				DEVELOPMENT_TEAM = Q4B996RU7K;
				INFOPLIST_FILE = RestTests/Info.plist;
				LD_RUNPATH_SEARCH_PATHS = "$(inherited) @executable_path/Frameworks @loader_path/Frameworks";
				PRODUCT_BUNDLE_IDENTIFIER = papay0.RestTests;
				PRODUCT_NAME = "$(TARGET_NAME)";
				SWIFT_VERSION = 3.0;
				TEST_HOST = "$(BUILT_PRODUCTS_DIR)/Rest.app/Rest";
			};
			name = Release;
		};
		929E7E331EBDF9380040B0E8 /* Debug */ = {
			isa = XCBuildConfiguration;
			baseConfigurationReference = ACB67C4D4622264465D124AD /* Pods-RestUITests.debug.xcconfig */;
			buildSettings = {
				ALWAYS_EMBED_SWIFT_STANDARD_LIBRARIES = YES;
				DEVELOPMENT_TEAM = Q4B996RU7K;
				INFOPLIST_FILE = RestUITests/Info.plist;
				LD_RUNPATH_SEARCH_PATHS = "$(inherited) @executable_path/Frameworks @loader_path/Frameworks";
				PRODUCT_BUNDLE_IDENTIFIER = papay0.RestUITests;
				PRODUCT_NAME = "$(TARGET_NAME)";
				SWIFT_VERSION = 3.0;
				TEST_TARGET_NAME = Rest;
			};
			name = Debug;
		};
		929E7E341EBDF9380040B0E8 /* Release */ = {
			isa = XCBuildConfiguration;
			baseConfigurationReference = 935595B6B376462CB7535723 /* Pods-RestUITests.release.xcconfig */;
			buildSettings = {
				ALWAYS_EMBED_SWIFT_STANDARD_LIBRARIES = YES;
				DEVELOPMENT_TEAM = Q4B996RU7K;
				INFOPLIST_FILE = RestUITests/Info.plist;
				LD_RUNPATH_SEARCH_PATHS = "$(inherited) @executable_path/Frameworks @loader_path/Frameworks";
				PRODUCT_BUNDLE_IDENTIFIER = papay0.RestUITests;
				PRODUCT_NAME = "$(TARGET_NAME)";
				SWIFT_VERSION = 3.0;
				TEST_TARGET_NAME = Rest;
			};
			name = Release;
		};
/* End XCBuildConfiguration section */

/* Begin XCConfigurationList section */
		929E7DD41EBDF9380040B0E8 /* Build configuration list for PBXProject "Rest" */ = {
			isa = XCConfigurationList;
			buildConfigurations = (
				929E7E221EBDF9380040B0E8 /* Debug */,
				929E7E231EBDF9380040B0E8 /* Release */,
			);
			defaultConfigurationIsVisible = 0;
			defaultConfigurationName = Release;
		};
		929E7E241EBDF9380040B0E8 /* Build configuration list for PBXNativeTarget "Rest WatchKit Extension" */ = {
			isa = XCConfigurationList;
			buildConfigurations = (
				929E7E251EBDF9380040B0E8 /* Debug */,
				929E7E261EBDF9380040B0E8 /* Release */,
			);
			defaultConfigurationIsVisible = 0;
			defaultConfigurationName = Release;
		};
		929E7E281EBDF9380040B0E8 /* Build configuration list for PBXNativeTarget "Rest WatchKit App" */ = {
			isa = XCConfigurationList;
			buildConfigurations = (
				929E7E291EBDF9380040B0E8 /* Debug */,
				929E7E2A1EBDF9380040B0E8 /* Release */,
			);
			defaultConfigurationIsVisible = 0;
			defaultConfigurationName = Release;
		};
		929E7E2C1EBDF9380040B0E8 /* Build configuration list for PBXNativeTarget "Rest" */ = {
			isa = XCConfigurationList;
			buildConfigurations = (
				929E7E2D1EBDF9380040B0E8 /* Debug */,
				929E7E2E1EBDF9380040B0E8 /* Release */,
			);
			defaultConfigurationIsVisible = 0;
			defaultConfigurationName = Release;
		};
		929E7E2F1EBDF9380040B0E8 /* Build configuration list for PBXNativeTarget "RestTests" */ = {
			isa = XCConfigurationList;
			buildConfigurations = (
				929E7E301EBDF9380040B0E8 /* Debug */,
				929E7E311EBDF9380040B0E8 /* Release */,
			);
			defaultConfigurationIsVisible = 0;
			defaultConfigurationName = Release;
		};
		929E7E321EBDF9380040B0E8 /* Build configuration list for PBXNativeTarget "RestUITests" */ = {
			isa = XCConfigurationList;
			buildConfigurations = (
				929E7E331EBDF9380040B0E8 /* Debug */,
				929E7E341EBDF9380040B0E8 /* Release */,
			);
			defaultConfigurationIsVisible = 0;
			defaultConfigurationName = Release;
		};
/* End XCConfigurationList section */
	};
	rootObject = 929E7DD11EBDF9380040B0E8 /* Project object */;
}
