<?xml version="1.0" encoding="UTF-8"?>
<Scheme
   LastUpgradeVersion = "0830"
   version = "2.0">
   <BuildAction
      parallelizeBuildables = "YES"
      buildImplicitDependencies = "YES">
      <BuildActionEntries>
         <BuildActionEntry
            buildForTesting = "YES"
            buildForRunning = "YES"
            buildForProfiling = "YES"
            buildForArchiving = "YES"
            buildForAnalyzing = "YES">
            <BuildableReference
               BuildableIdentifier = "primary"
               BlueprintIdentifier = "929E7E001EBDF9380040B0E8"
               BuildableName = "Rest WatchKit App.app"
               BlueprintName = "Rest WatchKit App"
               ReferencedContainer = "container:Rest.xcodeproj">
            </BuildableReference>
         </BuildActionEntry>
         <BuildActionEntry
            buildForTesting = "YES"
            buildForRunning = "YES"
            buildForProfiling = "YES"
            buildForArchiving = "YES"
            buildForAnalyzing = "YES">
            <BuildableReference
               BuildableIdentifier = "primary"
               BlueprintIdentifier = "929E7DD81EBDF9380040B0E8"
               BuildableName = "Rest.app"
               BlueprintName = "Rest"
               ReferencedContainer = "container:Rest.xcodeproj">
            </BuildableReference>
         </BuildActionEntry>
      </BuildActionEntries>
   </BuildAction>
   <TestAction
      buildConfiguration = "Debug"
      selectedDebuggerIdentifier = "Xcode.DebuggerFoundation.Debugger.LLDB"
      selectedLauncherIdentifier = "Xcode.DebuggerFoundation.Launcher.LLDB"
      shouldUseLaunchSchemeArgsEnv = "YES">
      <Testables>
      </Testables>
      <MacroExpansion>
         <BuildableReference
            BuildableIdentifier = "primary"
            BlueprintIdentifier = "929E7E001EBDF9380040B0E8"
            BuildableName = "Rest WatchKit App.app"
            BlueprintName = "Rest WatchKit App"
            ReferencedContainer = "container:Rest.xcodeproj">
         </BuildableReference>
      </MacroExpansion>
      <AdditionalOptions>
      </AdditionalOptions>
   </TestAction>
   <LaunchAction
      buildConfiguration = "Debug"
      selectedDebuggerIdentifier = "Xcode.DebuggerFoundation.Debugger.LLDB"
      selectedLauncherIdentifier = "Xcode.DebuggerFoundation.Launcher.LLDB"
      launchStyle = "0"
      useCustomWorkingDirectory = "NO"
      ignoresPersistentStateOnLaunch = "NO"
      debugDocumentVersioning = "YES"
      debugServiceExtension = "internal"
      allowLocationSimulation = "YES"
      launchAutomaticallySubstyle = "8"
      notificationPayloadFile = "Rest WatchKit Extension/PushNotificationPayload.apns">
      <RemoteRunnable
         runnableDebuggingMode = "2"
         BundleIdentifier = "com.apple.Carousel"
         RemotePath = "/Rest WatchKit App">
         <BuildableReference
            BuildableIdentifier = "primary"
            BlueprintIdentifier = "929E7E001EBDF9380040B0E8"
            BuildableName = "Rest WatchKit App.app"
            BlueprintName = "Rest WatchKit App"
            ReferencedContainer = "container:Rest.xcodeproj">
         </BuildableReference>
      </RemoteRunnable>
      <MacroExpansion>
         <BuildableReference
            BuildableIdentifier = "primary"
            BlueprintIdentifier = "929E7E001EBDF9380040B0E8"
            BuildableName = "Rest WatchKit App.app"
            BlueprintName = "Rest WatchKit App"
            ReferencedContainer = "container:Rest.xcodeproj">
         </BuildableReference>
      </MacroExpansion>
      <AdditionalOptions>
      </AdditionalOptions>
   </LaunchAction>
   <ProfileAction
      buildConfiguration = "Release"
      shouldUseLaunchSchemeArgsEnv = "YES"
      savedToolIdentifier = ""
      useCustomWorkingDirectory = "NO"
      debugDocumentVersioning = "YES"
      launchAutomaticallySubstyle = "8"
      notificationPayloadFile = "Rest WatchKit Extension/PushNotificationPayload.apns">
      <RemoteRunnable
         runnableDebuggingMode = "2"
         BundleIdentifier = "com.apple.Carousel"
         RemotePath = "/Rest WatchKit App">
         <BuildableReference
            BuildableIdentifier = "primary"
            BlueprintIdentifier = "929E7E001EBDF9380040B0E8"
            BuildableName = "Rest WatchKit App.app"
            BlueprintName = "Rest WatchKit App"
            ReferencedContainer = "container:Rest.xcodeproj">
         </BuildableReference>
      </RemoteRunnable>
      <MacroExpansion>
         <BuildableReference
            BuildableIdentifier = "primary"
            BlueprintIdentifier = "929E7E001EBDF9380040B0E8"
            BuildableName = "Rest WatchKit App.app"
            BlueprintName = "Rest WatchKit App"
            ReferencedContainer = "container:Rest.xcodeproj">
         </BuildableReference>
      </MacroExpansion>
   </ProfileAction>
   <AnalyzeAction
      buildConfiguration = "Debug">
   </AnalyzeAction>
   <ArchiveAction
      buildConfiguration = "Release"
      revealArchiveInOrganizer = "YES">
   </ArchiveAction>
</Scheme>
